{
    "_readme": [
        "This file locks the dependencies of your project to a known state",
        "Read more about it at https://getcomposer.org/doc/01-basic-usage.md#composer-lock-the-lock-file",
        "This file is @generated automatically"
    ],
    "hash": "c76de28e7419d790e8928aaadea10c47",
    "content-hash": "7d57625e0fe322e46a8ede525fe9dd7c",
    "packages": [
        {
            "name": "gemorroj/m3u-parser",
            "version": "dev-master",
            "source": {
                "type": "git",
                "url": "https://github.com/Gemorroj/M3uParser.git",
                "reference": "36c2ed2c10ce6ad140ea7cdaedba6f602ba7ce89"
            },
            "dist": {
                "type": "zip",
                "url": "https://api.github.com/repos/Gemorroj/M3uParser/zipball/36c2ed2c10ce6ad140ea7cdaedba6f602ba7ce89",
                "reference": "36c2ed2c10ce6ad140ea7cdaedba6f602ba7ce89",
                "shasum": ""
            },
            "require": {
                "php": ">=5.6"
            },
            "require-dev": {
                "phpunit/phpunit": "^5.7"
            },
            "type": "library",
            "autoload": {
                "psr-4": {
                    "M3uParser\\": "src/"
                }
            },
            "notification-url": "https://packagist.org/downloads/",
            "license": [
                "LGPL-3.0"
            ],
            "authors": [
                {
                    "name": "Gemorroj"
                }
            ],
            "description": "m3u playlist parser/generator",
            "keywords": [
                "m3u",
                "m3u8",
                "playlist"
            ],
            "time": "2017-06-21 12:05:49"
        },
        {
            "name": "jalder/upnp",
            "version": "dev-master",
            "source": {
                "type": "git",
                "url": "https://github.com/jalder/UPnP.git",
                "reference": "ce5db6b69420780038a9158ba65cfad9aac5e248"
            },
            "dist": {
                "type": "zip",
                "url": "https://api.github.com/repos/jalder/UPnP/zipball/ce5db6b69420780038a9158ba65cfad9aac5e248",
                "reference": "ce5db6b69420780038a9158ba65cfad9aac5e248",
                "shasum": ""
            },
            "require-dev": {
                "phpunit/phpunit": "4.1.*"
            },
            "type": "library",
            "autoload": {
                "psr-4": {
                    "jalder\\Upnp\\": "src"
                }
            },
            "notification-url": "https://packagist.org/downloads/",
            "license": [
                "MIT"
            ],
            "authors": [
                {
                    "name": "John Alder",
                    "email": "jack@jalder.com"
                }
            ],
            "description": "UPnP utilities for PHP applications",
            "keywords": [
                "Roku",
                "chromecast",
                "kodi",
                "ssdp",
                "upnp",
                "xbmc"
            ],
            "time": "2016-12-04 21:22:02"
        }
    ],
    "packages-dev": [],
    "aliases": [],
    "minimum-stability": "stable",
    "stability-flags": {
        "gemorroj/m3u-parser": 20,
        "jalder/upnp": 20
    },
    "prefer-stable": false,
    "prefer-lowest": false,
    "platform": [],
    "platform-dev": []
}
